PODS:
  - Alamofire (4.6.0)
  - ESPullToRefresh (2.7)
  - Kingfisher (4.6.1)
  - ModelMapper (7.4.1)
  - Moya (10.0.2):
    - Moya/Core (= 10.0.2)
  - Moya-ModelMapper/Core (6.0.0):
    - ModelMapper
    - Moya (~> 10.0)
  - Moya-ModelMapper/RxSwift (6.0.0):
    - Moya-ModelMapper/Core
    - Moya/RxSwift (~> 10.0)
    - RxSwift
  - Moya/Core (10.0.2):
    - Alamofire (~> 4.1)
    - Result (~> 3.0)
  - Moya/RxSwift (10.0.2):
    - Moya/Core
    - RxSwift (~> 4.0)
  - Result (3.2.4)
  - RxAppState (1.1.0):
    - RxCocoa (~> 4.0)
    - RxSwift (~> 4.0)
  - RxBlocking (4.1.2):
    - RxSwift (~> 4.0)
  - RxCocoa (4.1.2):
    - RxSwift (~> 4.0)
  - RxSwift (4.1.2)
  - RxSwiftUtilities (2.0.0):
    - RxCocoa (~> 4.0)
    - RxSwift (~> 4.0)
  - RxTest (4.1.2):
    - RxSwift (~> 4.0)
  - SwiftDate (4.5.1)

DEPENDENCIES:
  - ESPullToRefresh (~> 2.0)
  - Kingfisher (~> 4.0)
  - ModelMapper
  - Moya (~> 10.0)
  - Moya-ModelMapper/RxSwift (~> 6.0)
  - Result (~> 3.0)
  - RxAppState (~> 1.0)
  - RxBlocking (~> 4.0)
  - RxCocoa (~> 4.0)
  - RxSwift (~> 4.0)
  - RxSwiftUtilities (from `https://github.com/ivanmkc/RxSwiftUtilities`, branch `swift_4`)
  - RxTest (~> 4.0)
  - SwiftDate

EXTERNAL SOURCES:
  RxSwiftUtilities:
    :branch: swift_4
    :git: https://github.com/ivanmkc/RxSwiftUtilities

CHECKOUT OPTIONS:
  RxSwiftUtilities:
    :commit: 75e49e596d3b359c9753febf037e224d5555aac2
    :git: https://github.com/ivanmkc/RxSwiftUtilities

SPEC CHECKSUMS:
  Alamofire: f41a599bd63041760b26d393ec1069d9d7b917f4
  ESPullToRefresh: 119e2710b82b75536aab2bbe4883ba119fca35c8
  Kingfisher: 1f9157d9c02b380cbd0b7cc890161195164eb634
  ModelMapper: e576b4e32007bf574d0f9e4f533d29c46d29f146
  Moya: 2b0531a9fef318e0bc484030c3db1e6f279ccb66
  Moya-ModelMapper: c59c0bbd042cf9d1d9b0acf38c5f930956bebed8
  Result: d2d07204ce72856f1fd9130bbe42c35a7b0fea10
  RxAppState: 38668aa199f497840f4b24182c1756a2ee4ec3e2
  RxBlocking: f6054985901412fc8c02daa84e92d4ba68c61389
  RxCocoa: d88ba0f1f6abf040011a9eb4b539324fc426843a
  RxSwift: e49536837d9901277638493ea537394d4b55f570
  RxSwiftUtilities: a748c9b0210250a921e6364f33372df979673414
  RxTest: e634f15fd2c2cd0e0120132ef7a4f7be69ad0393
  SwiftDate: 7b56d42a221f582047287deb256b23fc5ed49a60

PODFILE CHECKSUM: 87a32c938b6fc5480cf9bb699418c29c19bdd37c

COCOAPODS: 1.4.0
